
Microsoft Visual Studio Solution File, Format Version 12.00
# Visual Studio 15
VisualStudioVersion = 15.0.26124.0
MinimumVisualStudioVersion = 15.0.26124.0
Project("{2150E333-8FDC-42A3-9474-1A3956D46DE8}") = "src", "src", "{6AE62A3F-3922-4EF6-AF1D-D60E2E040435}"
EndProject
Project("{FAE04EC0-301F-11D3-BF4B-00C04F79EFBC}") = "Demo", "src\Demo\Demo.csproj", "{627DB515-15AF-4EB6-B914-3292CA9115FF}"
EndProject
Project("{FAE04EC0-301F-11D3-BF4B-00C04F79EFBC}") = "Fibonacci", "src\Fibonacci\Fibonacci.csproj", "{689AEAE7-A3D6-4B49-BA0B-62894E245282}"
EndProject
Project("{2150E333-8FDC-42A3-9474-1A3956D46DE8}") = "tests", "tests", "{39EAABC5-44DE-4AD6-AC63-DAC093FFDCB7}"
EndProject
Project("{FAE04EC0-301F-11D3-BF4B-00C04F79EFBC}") = "Fibonacci.Tests", "tests\Fibonacci.Tests\Fibonacci.Tests.csproj", "{8493B35D-6EE8-4C78-AE52-8B05E84595D7}"
EndProject
Project("{FAE04EC0-301F-11D3-BF4B-00C04F79EFBC}") = "Fibonacci.Web", "src\Fibonacci.Web\Fibonacci.Web.csproj", "{53BC689C-67D2-4B95-97A1-2DCED290B7A1}"
EndProject
Global
	GlobalSection(SolutionConfigurationPlatforms) = preSolution
		Debug|Any CPU = Debug|Any CPU
		Debug|x64 = Debug|x64
		Debug|x86 = Debug|x86
		Release|Any CPU = Release|Any CPU
		Release|x64 = Release|x64
		Release|x86 = Release|x86
	EndGlobalSection
	GlobalSection(SolutionProperties) = preSolution
		HideSolutionNode = FALSE
	EndGlobalSection
	GlobalSection(ProjectConfigurationPlatforms) = postSolution
		{627DB515-15AF-4EB6-B914-3292CA9115FF}.Debug|Any CPU.ActiveCfg = Debug|Any CPU
		{627DB515-15AF-4EB6-B914-3292CA9115FF}.Debug|Any CPU.Build.0 = Debug|Any CPU
		{627DB515-15AF-4EB6-B914-3292CA9115FF}.Debug|x64.ActiveCfg = Debug|Any CPU
		{627DB515-15AF-4EB6-B914-3292CA9115FF}.Debug|x64.Build.0 = Debug|Any CPU
		{627DB515-15AF-4EB6-B914-3292CA9115FF}.Debug|x86.ActiveCfg = Debug|Any CPU
		{627DB515-15AF-4EB6-B914-3292CA9115FF}.Debug|x86.Build.0 = Debug|Any CPU
		{627DB515-15AF-4EB6-B914-3292CA9115FF}.Release|Any CPU.ActiveCfg = Release|Any CPU
		{627DB515-15AF-4EB6-B914-3292CA9115FF}.Release|Any CPU.Build.0 = Release|Any CPU
		{627DB515-15AF-4EB6-B914-3292CA9115FF}.Release|x64.ActiveCfg = Release|Any CPU
		{627DB515-15AF-4EB6-B914-3292CA9115FF}.Release|x64.Build.0 = Release|Any CPU
		{627DB515-15AF-4EB6-B914-3292CA9115FF}.Release|x86.ActiveCfg = Release|Any CPU
		{627DB515-15AF-4EB6-B914-3292CA9115FF}.Release|x86.Build.0 = Release|Any CPU
		{689AEAE7-A3D6-4B49-BA0B-62894E245282}.Debug|Any CPU.ActiveCfg = Debug|Any CPU
		{689AEAE7-A3D6-4B49-BA0B-62894E245282}.Debug|Any CPU.Build.0 = Debug|Any CPU
		{689AEAE7-A3D6-4B49-BA0B-62894E245282}.Debug|x64.ActiveCfg = Debug|Any CPU
		{689AEAE7-A3D6-4B49-BA0B-62894E245282}.Debug|x64.Build.0 = Debug|Any CPU
		{689AEAE7-A3D6-4B49-BA0B-62894E245282}.Debug|x86.ActiveCfg = Debug|Any CPU
		{689AEAE7-A3D6-4B49-BA0B-62894E245282}.Debug|x86.Build.0 = Debug|Any CPU
		{689AEAE7-A3D6-4B49-BA0B-62894E245282}.Release|Any CPU.ActiveCfg = Release|Any CPU
		{689AEAE7-A3D6-4B49-BA0B-62894E245282}.Release|Any CPU.Build.0 = Release|Any CPU
		{689AEAE7-A3D6-4B49-BA0B-62894E245282}.Release|x64.ActiveCfg = Release|Any CPU
		{689AEAE7-A3D6-4B49-BA0B-62894E245282}.Release|x64.Build.0 = Release|Any CPU
		{689AEAE7-A3D6-4B49-BA0B-62894E245282}.Release|x86.ActiveCfg = Release|Any CPU
		{689AEAE7-A3D6-4B49-BA0B-62894E245282}.Release|x86.Build.0 = Release|Any CPU
		{D1C47ACC-DD1C-4922-ADA1-1A8E05520277}.Debug|Any CPU.ActiveCfg = Debug|Any CPU
		{D1C47ACC-DD1C-4922-ADA1-1A8E05520277}.Debug|Any CPU.Build.0 = Debug|Any CPU
		{D1C47ACC-DD1C-4922-ADA1-1A8E05520277}.Debug|x64.ActiveCfg = Debug|Any CPU
		{D1C47ACC-DD1C-4922-ADA1-1A8E05520277}.Debug|x64.Build.0 = Debug|Any CPU
		{D1C47ACC-DD1C-4922-ADA1-1A8E05520277}.Debug|x86.ActiveCfg = Debug|Any CPU
		{D1C47ACC-DD1C-4922-ADA1-1A8E05520277}.Debug|x86.Build.0 = Debug|Any CPU
		{D1C47ACC-DD1C-4922-ADA1-1A8E05520277}.Release|Any CPU.ActiveCfg = Release|Any CPU
		{D1C47ACC-DD1C-4922-ADA1-1A8E05520277}.Release|Any CPU.Build.0 = Release|Any CPU
		{D1C47ACC-DD1C-4922-ADA1-1A8E05520277}.Release|x64.ActiveCfg = Release|Any CPU
		{D1C47ACC-DD1C-4922-ADA1-1A8E05520277}.Release|x64.Build.0 = Release|Any CPU
		{D1C47ACC-DD1C-4922-ADA1-1A8E05520277}.Release|x86.ActiveCfg = Release|Any CPU
		{D1C47ACC-DD1C-4922-ADA1-1A8E05520277}.Release|x86.Build.0 = Release|Any CPU
		{8493B35D-6EE8-4C78-AE52-8B05E84595D7}.Debug|Any CPU.ActiveCfg = Debug|Any CPU
		{8493B35D-6EE8-4C78-AE52-8B05E84595D7}.Debug|Any CPU.Build.0 = Debug|Any CPU
		{8493B35D-6EE8-4C78-AE52-8B05E84595D7}.Debug|x64.ActiveCfg = Debug|Any CPU
		{8493B35D-6EE8-4C78-AE52-8B05E84595D7}.Debug|x64.Build.0 = Debug|Any CPU
		{8493B35D-6EE8-4C78-AE52-8B05E84595D7}.Debug|x86.ActiveCfg = Debug|Any CPU
		{8493B35D-6EE8-4C78-AE52-8B05E84595D7}.Debug|x86.Build.0 = Debug|Any CPU
		{8493B35D-6EE8-4C78-AE52-8B05E84595D7}.Release|Any CPU.ActiveCfg = Release|Any CPU
		{8493B35D-6EE8-4C78-AE52-8B05E84595D7}.Release|Any CPU.Build.0 = Release|Any CPU
		{8493B35D-6EE8-4C78-AE52-8B05E84595D7}.Release|x64.ActiveCfg = Release|Any CPU
		{8493B35D-6EE8-4C78-AE52-8B05E84595D7}.Release|x64.Build.0 = Release|Any CPU
		{8493B35D-6EE8-4C78-AE52-8B05E84595D7}.Release|x86.ActiveCfg = Release|Any CPU
		{8493B35D-6EE8-4C78-AE52-8B05E84595D7}.Release|x86.Build.0 = Release|Any CPU
		{53BC689C-67D2-4B95-97A1-2DCED290B7A1}.Debug|Any CPU.ActiveCfg = Debug|Any CPU
		{53BC689C-67D2-4B95-97A1-2DCED290B7A1}.Debug|Any CPU.Build.0 = Debug|Any CPU
		{53BC689C-67D2-4B95-97A1-2DCED290B7A1}.Debug|x64.ActiveCfg = Debug|Any CPU
		{53BC689C-67D2-4B95-97A1-2DCED290B7A1}.Debug|x64.Build.0 = Debug|Any CPU
		{53BC689C-67D2-4B95-97A1-2DCED290B7A1}.Debug|x86.ActiveCfg = Debug|Any CPU
		{53BC689C-67D2-4B95-97A1-2DCED290B7A1}.Debug|x86.Build.0 = Debug|Any CPU
		{53BC689C-67D2-4B95-97A1-2DCED290B7A1}.Release|Any CPU.ActiveCfg = Release|Any CPU
		{53BC689C-67D2-4B95-97A1-2DCED290B7A1}.Release|Any CPU.Build.0 = Release|Any CPU
		{53BC689C-67D2-4B95-97A1-2DCED290B7A1}.Release|x64.ActiveCfg = Release|Any CPU
		{53BC689C-67D2-4B95-97A1-2DCED290B7A1}.Release|x64.Build.0 = Release|Any CPU
		{53BC689C-67D2-4B95-97A1-2DCED290B7A1}.Release|x86.ActiveCfg = Release|Any CPU
		{53BC689C-67D2-4B95-97A1-2DCED290B7A1}.Release|x86.Build.0 = Release|Any CPU
	EndGlobalSection
	GlobalSection(NestedProjects) = preSolution
		{627DB515-15AF-4EB6-B914-3292CA9115FF} = {6AE62A3F-3922-4EF6-AF1D-D60E2E040435}
		{689AEAE7-A3D6-4B49-BA0B-62894E245282} = {6AE62A3F-3922-4EF6-AF1D-D60E2E040435}
		{8493B35D-6EE8-4C78-AE52-8B05E84595D7} = {39EAABC5-44DE-4AD6-AC63-DAC093FFDCB7}
		{53BC689C-67D2-4B95-97A1-2DCED290B7A1} = {6AE62A3F-3922-4EF6-AF1D-D60E2E040435}
	EndGlobalSection
EndGlobal
